
Microsoft Visual Studio Solution File, Format Version 12.00
# Visual Studio 15
VisualStudioVersion = 15.0.28010.2003
MinimumVisualStudioVersion = 10.0.40219.1
Project("{9A19103F-16F7-4668-BE54-9A1E7A4F7556}") = "IOTBartenderFrontend", "IOTBartenderFrontend\IOTBartenderFrontend.csproj", "{0B0C6083-B48C-407E-849C-3A97DB8E6FF9}"
EndProject
Project("{FAE04EC0-301F-11D3-BF4B-00C04F79EFBC}") = "IOTBartender.Domain", "IOTBartender.Domain\IOTBartender.Domain.csproj", "{7CFD62B0-C763-477E-B8CD-312358BF3D33}"
EndProject
Project("{FAE04EC0-301F-11D3-BF4B-00C04F79EFBC}") = "IOTBartender.Infrastructure", "IOTBartender.Infrastructure\IOTBartender.Infrastructure.csproj", "{A56C9A5B-FAA2-49D4-B194-7823B72EB0F5}"
EndProject
Project("{FAE04EC0-301F-11D3-BF4B-00C04F79EFBC}") = "IOTBartender.API", "IOTBartender.API\IOTBartender.API.csproj", "{83C403CF-EEF0-4876-ACBF-9E6E1BC8CA37}"
EndProject
Project("{FAE04EC0-301F-11D3-BF4B-00C04F79EFBC}") = "IOTBartender.Application", "IOTBartender.Application\IOTBartender.Application.csproj", "{FF5BB085-CB03-401C-9172-827C0838E6F6}"
EndProject
Global
	GlobalSection(SolutionConfigurationPlatforms) = preSolution
		Debug|Any CPU = Debug|Any CPU
		Release|Any CPU = Release|Any CPU
	EndGlobalSection
	GlobalSection(ProjectConfigurationPlatforms) = postSolution
		{0B0C6083-B48C-407E-849C-3A97DB8E6FF9}.Debug|Any CPU.ActiveCfg = Debug|Any CPU
		{0B0C6083-B48C-407E-849C-3A97DB8E6FF9}.Debug|Any CPU.Build.0 = Debug|Any CPU
		{0B0C6083-B48C-407E-849C-3A97DB8E6FF9}.Release|Any CPU.ActiveCfg = Release|Any CPU
		{0B0C6083-B48C-407E-849C-3A97DB8E6FF9}.Release|Any CPU.Build.0 = Release|Any CPU
		{7CFD62B0-C763-477E-B8CD-312358BF3D33}.Debug|Any CPU.ActiveCfg = Debug|Any CPU
		{7CFD62B0-C763-477E-B8CD-312358BF3D33}.Debug|Any CPU.Build.0 = Debug|Any CPU
		{7CFD62B0-C763-477E-B8CD-312358BF3D33}.Release|Any CPU.ActiveCfg = Release|Any CPU
		{7CFD62B0-C763-477E-B8CD-312358BF3D33}.Release|Any CPU.Build.0 = Release|Any CPU
		{A56C9A5B-FAA2-49D4-B194-7823B72EB0F5}.Debug|Any CPU.ActiveCfg = Debug|Any CPU
		{A56C9A5B-FAA2-49D4-B194-7823B72EB0F5}.Debug|Any CPU.Build.0 = Debug|Any CPU
		{A56C9A5B-FAA2-49D4-B194-7823B72EB0F5}.Release|Any CPU.ActiveCfg = Release|Any CPU
		{A56C9A5B-FAA2-49D4-B194-7823B72EB0F5}.Release|Any CPU.Build.0 = Release|Any CPU
		{83C403CF-EEF0-4876-ACBF-9E6E1BC8CA37}.Debug|Any CPU.ActiveCfg = Debug|Any CPU
		{83C403CF-EEF0-4876-ACBF-9E6E1BC8CA37}.Debug|Any CPU.Build.0 = Debug|Any CPU
		{83C403CF-EEF0-4876-ACBF-9E6E1BC8CA37}.Release|Any CPU.ActiveCfg = Release|Any CPU
		{83C403CF-EEF0-4876-ACBF-9E6E1BC8CA37}.Release|Any CPU.Build.0 = Release|Any CPU
		{FF5BB085-CB03-401C-9172-827C0838E6F6}.Debug|Any CPU.ActiveCfg = Debug|Any CPU
		{FF5BB085-CB03-401C-9172-827C0838E6F6}.Debug|Any CPU.Build.0 = Debug|Any CPU
		{FF5BB085-CB03-401C-9172-827C0838E6F6}.Release|Any CPU.ActiveCfg = Release|Any CPU
		{FF5BB085-CB03-401C-9172-827C0838E6F6}.Release|Any CPU.Build.0 = Release|Any CPU
	EndGlobalSection
	GlobalSection(SolutionProperties) = preSolution
		HideSolutionNode = FALSE
	EndGlobalSection
	GlobalSection(ExtensibilityGlobals) = postSolution
		SolutionGuid = {CAC7A62D-D96F-4C8B-985C-BA89F7B1A740}
	EndGlobalSection
EndGlobal
